
Microsoft Visual Studio Solution File, Format Version 12.00
# Visual Studio 15
VisualStudioVersion = 15.0.26906.1
MinimumVisualStudioVersion = 10.0.40219.1
Project("{FAE04EC0-301F-11D3-BF4B-00C04F79EFBC}") = "EFLibrary", "EFLibrary\EFLibrary.csproj", "{31224430-EBF9-4FF4-8FDB-9B389B4802BF}"
EndProject
Project("{FAE04EC0-301F-11D3-BF4B-00C04F79EFBC}") = "RecognitionBLL", "RecognitionBLL\RecognitionBLL.csproj", "{4179DD8F-3F99-46BE-B9F8-471255361B4C}"
EndProject
Project("{FAE04EC0-301F-11D3-BF4B-00C04F79EFBC}") = "FaceRecognitionNew", "FaceRecognitionNew\FaceRecognitionNew.csproj", "{20643EDF-339B-42FF-AF5B-A2035F47DBE3}"
EndProject
Project("{FAE04EC0-301F-11D3-BF4B-00C04F79EFBC}") = "RecognitionModel", "ReceRecognitionModel\RecognitionModel.csproj", "{A47F9DB5-F2EF-4621-B8A4-0651D7E0EEA0}"
EndProject
Global
	GlobalSection(SolutionConfigurationPlatforms) = preSolution
		Debug|Any CPU = Debug|Any CPU
		Release|Any CPU = Release|Any CPU
	EndGlobalSection
	GlobalSection(ProjectConfigurationPlatforms) = postSolution
		{31224430-EBF9-4FF4-8FDB-9B389B4802BF}.Debug|Any CPU.ActiveCfg = Debug|Any CPU
		{31224430-EBF9-4FF4-8FDB-9B389B4802BF}.Debug|Any CPU.Build.0 = Debug|Any CPU
		{31224430-EBF9-4FF4-8FDB-9B389B4802BF}.Release|Any CPU.ActiveCfg = Release|Any CPU
		{31224430-EBF9-4FF4-8FDB-9B389B4802BF}.Release|Any CPU.Build.0 = Release|Any CPU
		{4179DD8F-3F99-46BE-B9F8-471255361B4C}.Debug|Any CPU.ActiveCfg = Debug|Any CPU
		{4179DD8F-3F99-46BE-B9F8-471255361B4C}.Debug|Any CPU.Build.0 = Debug|Any CPU
		{4179DD8F-3F99-46BE-B9F8-471255361B4C}.Release|Any CPU.ActiveCfg = Release|Any CPU
		{4179DD8F-3F99-46BE-B9F8-471255361B4C}.Release|Any CPU.Build.0 = Release|Any CPU
		{20643EDF-339B-42FF-AF5B-A2035F47DBE3}.Debug|Any CPU.ActiveCfg = Debug|Any CPU
		{20643EDF-339B-42FF-AF5B-A2035F47DBE3}.Debug|Any CPU.Build.0 = Debug|Any CPU
		{20643EDF-339B-42FF-AF5B-A2035F47DBE3}.Release|Any CPU.ActiveCfg = Release|Any CPU
		{20643EDF-339B-42FF-AF5B-A2035F47DBE3}.Release|Any CPU.Build.0 = Release|Any CPU
		{A47F9DB5-F2EF-4621-B8A4-0651D7E0EEA0}.Debug|Any CPU.ActiveCfg = Debug|Any CPU
		{A47F9DB5-F2EF-4621-B8A4-0651D7E0EEA0}.Debug|Any CPU.Build.0 = Debug|Any CPU
		{A47F9DB5-F2EF-4621-B8A4-0651D7E0EEA0}.Release|Any CPU.ActiveCfg = Release|Any CPU
		{A47F9DB5-F2EF-4621-B8A4-0651D7E0EEA0}.Release|Any CPU.Build.0 = Release|Any CPU
	EndGlobalSection
	GlobalSection(SolutionProperties) = preSolution
		HideSolutionNode = FALSE
	EndGlobalSection
	GlobalSection(ExtensibilityGlobals) = postSolution
		SolutionGuid = {03082347-DC48-4036-8297-327983587B7F}
	EndGlobalSection
EndGlobal
